
Microsoft Visual Studio Solution File, Format Version 12.00
# Visual Studio Version 17
VisualStudioVersion = 17.10.34916.146
MinimumVisualStudioVersion = 10.0.40219.1
Project("{FAE04EC0-301F-11D3-BF4B-00C04F79EFBC}") = "EstateWeb", "EstateWeb\EstateWeb.csproj", "{D5A58474-A540-452C-8F1B-4586D508044D}"
EndProject
Global
	GlobalSection(SolutionConfigurationPlatforms) = preSolution
		Debug|Any CPU = Debug|Any CPU
		Release|Any CPU = Release|Any CPU
	EndGlobalSection
	GlobalSection(ProjectConfigurationPlatforms) = postSolution
		{D5A58474-A540-452C-8F1B-4586D508044D}.Debug|Any CPU.ActiveCfg = Debug|Any CPU
		{D5A58474-A540-452C-8F1B-4586D508044D}.Debug|Any CPU.Build.0 = Debug|Any CPU
		{D5A58474-A540-452C-8F1B-4586D508044D}.Release|Any CPU.ActiveCfg = Release|Any CPU
		{D5A58474-A540-452C-8F1B-4586D508044D}.Release|Any CPU.Build.0 = Release|Any CPU
	EndGlobalSection
	GlobalSection(SolutionProperties) = preSolution
		HideSolutionNode = FALSE
	EndGlobalSection
	GlobalSection(ExtensibilityGlobals) = postSolution
		SolutionGuid = {B8931073-87CC-4861-8C39-B04A986D72C9}
	EndGlobalSection
EndGlobal
