
Microsoft Visual Studio Solution File, Format Version 12.00
# Visual Studio Version 17
VisualStudioVersion = 17.10.34916.146
MinimumVisualStudioVersion = 10.0.40219.1
Project("{9A19103F-16F7-4668-BE54-9A1E7A4F7556}") = "EstateWeb", "EstateWeb\EstateWeb.csproj", "{D5A58474-A540-452C-8F1B-4586D508044D}"
	ProjectSection(ProjectDependencies) = postProject
		{C6351446-7DA1-495D-8193-172FEAF9C1F8} = {C6351446-7DA1-495D-8193-172FEAF9C1F8}
	EndProjectSection
EndProject
Project("{9A19103F-16F7-4668-BE54-9A1E7A4F7556}") = "Estate.Utility", "Estate.Utility\Estate.Utility.csproj", "{C6351446-7DA1-495D-8193-172FEAF9C1F8}"
EndProject
Project("{9A19103F-16F7-4668-BE54-9A1E7A4F7556}") = "Estate.DataAccess", "Estate.DataAccess\Estate.DataAccess.csproj", "{A79D0BE3-F391-4561-856C-0A15259152B8}"
EndProject
Project("{9A19103F-16F7-4668-BE54-9A1E7A4F7556}") = "Estate.Models", "Estate.Models\Estate.Models.csproj", "{CD88462F-FF1F-499C-B8FC-64827490B3C4}"
EndProject
Global
	GlobalSection(SolutionConfigurationPlatforms) = preSolution
		Debug|Any CPU = Debug|Any CPU
		Release|Any CPU = Release|Any CPU
	EndGlobalSection
	GlobalSection(ProjectConfigurationPlatforms) = postSolution
		{D5A58474-A540-452C-8F1B-4586D508044D}.Debug|Any CPU.ActiveCfg = Debug|Any CPU
		{D5A58474-A540-452C-8F1B-4586D508044D}.Debug|Any CPU.Build.0 = Debug|Any CPU
		{D5A58474-A540-452C-8F1B-4586D508044D}.Release|Any CPU.ActiveCfg = Release|Any CPU
		{D5A58474-A540-452C-8F1B-4586D508044D}.Release|Any CPU.Build.0 = Release|Any CPU
		{C6351446-7DA1-495D-8193-172FEAF9C1F8}.Debug|Any CPU.ActiveCfg = Debug|Any CPU
		{C6351446-7DA1-495D-8193-172FEAF9C1F8}.Debug|Any CPU.Build.0 = Debug|Any CPU
		{C6351446-7DA1-495D-8193-172FEAF9C1F8}.Release|Any CPU.ActiveCfg = Release|Any CPU
		{C6351446-7DA1-495D-8193-172FEAF9C1F8}.Release|Any CPU.Build.0 = Release|Any CPU
		{A79D0BE3-F391-4561-856C-0A15259152B8}.Debug|Any CPU.ActiveCfg = Debug|Any CPU
		{A79D0BE3-F391-4561-856C-0A15259152B8}.Debug|Any CPU.Build.0 = Debug|Any CPU
		{A79D0BE3-F391-4561-856C-0A15259152B8}.Release|Any CPU.ActiveCfg = Release|Any CPU
		{A79D0BE3-F391-4561-856C-0A15259152B8}.Release|Any CPU.Build.0 = Release|Any CPU
		{CD88462F-FF1F-499C-B8FC-64827490B3C4}.Debug|Any CPU.ActiveCfg = Debug|Any CPU
		{CD88462F-FF1F-499C-B8FC-64827490B3C4}.Debug|Any CPU.Build.0 = Debug|Any CPU
		{CD88462F-FF1F-499C-B8FC-64827490B3C4}.Release|Any CPU.ActiveCfg = Release|Any CPU
		{CD88462F-FF1F-499C-B8FC-64827490B3C4}.Release|Any CPU.Build.0 = Release|Any CPU
	EndGlobalSection
	GlobalSection(SolutionProperties) = preSolution
		HideSolutionNode = FALSE
	EndGlobalSection
	GlobalSection(ExtensibilityGlobals) = postSolution
		SolutionGuid = {B8931073-87CC-4861-8C39-B04A986D72C9}
	EndGlobalSection
EndGlobal
